# This file may be used to create an environment using:
# $ conda create --name <env> --file <this file>
# platform: linux-64
# source: environment.yml
# virtual-packages: __linux=1, __glibc=2.17
@EXPLICIT
https://conda.anaconda.org/conda-forge/noarch/python_abi-3.14-8_cp314.conda
https://conda.anaconda.org/conda-forge/noarch/pybind11-abi-11-hc364b38_1.conda
https://conda.anaconda.org/conda-forge/noarch/tzdata-2025c-hc9c84f9_1.conda
https://conda.anaconda.org/conda-forge/noarch/ca-certificates-2026.2.25-hbd8a1cb_0.conda
https://conda.anaconda.org/conda-forge/linux-64/libzlib-1.3.2-h25fd6f3_2.conda
https://conda.anaconda.org/conda-forge/linux-64/llvm-openmp-22.1.2-h4922eb0_0.conda
https://conda.anaconda.org/conda-forge/linux-64/zstd-1.5.7-hb78ec9c_6.conda
https://conda.anaconda.org/conda-forge/linux-64/_openmp_mutex-4.5-7_kmp_llvm.conda
https://conda.anaconda.org/conda-forge/linux-64/ld_impl_linux-64-2.45.1-default_hbd61a6d_102.conda
https://conda.anaconda.org/conda-forge/linux-64/libgcc-15.2.0-he0feb66_18.conda
https://conda.anaconda.org/conda-forge/linux-64/tk-8.6.13-noxft_h366c992_103.conda
https://conda.anaconda.org/conda-forge/linux-64/libffi-3.5.2-h3435931_0.conda
https://conda.anaconda.org/conda-forge/linux-64/libgcc-ng-15.2.0-h69a702a_18.conda
https://conda.anaconda.org/conda-forge/linux-64/libiconv-1.18-h3b78370_2.conda
https://conda.anaconda.org/conda-forge/linux-64/xorg-libxdmcp-1.1.5-hb03c661_1.conda
https://conda.anaconda.org/conda-forge/linux-64/xorg-libxau-1.0.12-hb03c661_1.conda
https://conda.anaconda.org/conda-forge/linux-64/pthread-stubs-0.4-hb9d3cd8_1002.conda
https://conda.anaconda.org/conda-forge/linux-64/libpng-1.6.56-h421ea60_0.conda
https://conda.anaconda.org/conda-forge/linux-64/libdeflate-1.25-h17f619e_0.conda
https://conda.anaconda.org/conda-forge/linux-64/libuuid-2.42-h5347b49_0.conda
https://conda.anaconda.org/conda-forge/linux-64/libmpdec-4.0.0-hb03c661_1.conda
https://conda.anaconda.org/conda-forge/linux-64/libexpat-2.7.5-hecca717_0.conda
https://conda.anaconda.org/conda-forge/linux-64/bzip2-1.0.8-hda65f42_9.conda
https://conda.anaconda.org/conda-forge/linux-64/libuv-1.51.0-hb03c661_1.conda
https://conda.anaconda.org/conda-forge/linux-64/yaml-0.2.5-h280c20c_3.conda
https://conda.anaconda.org/conda-forge/linux-64/ncurses-6.5-h2d0b736_3.conda
https://conda.anaconda.org/conda-forge/linux-64/libgfortran5-15.2.0-h68bc16d_18.conda
https://conda.anaconda.org/conda-forge/linux-64/openssl-3.6.1-h35e630c_1.conda
https://conda.anaconda.org/conda-forge/linux-64/libstdcxx-15.2.0-h934c35e_18.conda
https://conda.anaconda.org/conda-forge/linux-64/liblzma-5.8.2-hb03c661_0.conda
https://conda.anaconda.org/conda-forge/linux-64/libwebp-base-1.6.0-hd42ef1d_0.conda
https://conda.anaconda.org/conda-forge/linux-64/libjpeg-turbo-3.1.2-hb03c661_0.conda
https://conda.anaconda.org/conda-forge/linux-64/libxcb-1.17.0-h8a09558_0.conda
https://conda.anaconda.org/conda-forge/linux-64/libfreetype6-2.14.3-h73754d4_0.conda
https://conda.anaconda.org/conda-forge/linux-64/pcre2-10.47-haa7fec5_0.conda
https://conda.anaconda.org/conda-forge/linux-64/readline-8.3-h853b02a_0.conda
https://conda.anaconda.org/conda-forge/linux-64/libgfortran-15.2.0-h69a702a_18.conda
https://conda.anaconda.org/conda-forge/linux-64/icu-78.3-h33c6efd_0.conda
https://conda.anaconda.org/conda-forge/linux-64/libstdcxx-ng-15.2.0-hdf11a46_18.conda
https://conda.anaconda.org/conda-forge/linux-64/lerc-4.1.0-hdb68285_0.conda
https://conda.anaconda.org/conda-forge/linux-64/sleef-3.9.0-ha0421bc_0.conda
https://conda.anaconda.org/conda-forge/linux-64/libabseil-20260107.1-cxx17_h7b12aa8_0.conda
https://conda.anaconda.org/conda-forge/linux-64/fmt-12.1.0-hff5e90c_0.conda
https://conda.anaconda.org/conda-forge/linux-64/zlib-ng-2.3.3-hceb46e0_1.conda
https://conda.anaconda.org/conda-forge/linux-64/libfreetype-2.14.3-ha770c72_0.conda
https://conda.anaconda.org/conda-forge/linux-64/libglib-2.86.4-h6548e54_1.conda
https://conda.anaconda.org/conda-forge/linux-64/libxml2-16-2.15.2-hca6bf5a_0.conda
https://conda.anaconda.org/conda-forge/linux-64/libsqlite-3.52.0-hf4e2dac_0.conda
https://conda.anaconda.org/conda-forge/linux-64/gmp-6.3.0-hac33072_2.conda
https://conda.anaconda.org/conda-forge/linux-64/libtiff-4.7.1-h9d88235_1.conda
https://conda.anaconda.org/conda-forge/linux-64/libprotobuf-6.33.5-h2b00c02_0.conda
https://conda.anaconda.org/conda-forge/linux-64/dbus-1.16.2-h24cb091_1.conda
https://conda.anaconda.org/conda-forge/linux-64/libxml2-2.15.2-he237659_0.conda
https://conda.anaconda.org/conda-forge/linux-64/python-3.14.3-h32b2ec7_101_cp314.conda
https://conda.anaconda.org/conda-forge/linux-64/mpfr-4.2.2-he0a73b1_0.conda
https://conda.anaconda.org/conda-forge/linux-64/openjpeg-2.5.4-h55fea9a_0.conda
https://conda.anaconda.org/conda-forge/linux-64/lcms2-2.18-h0c24ade_0.conda
https://conda.anaconda.org/conda-forge/linux-64/libhwloc-2.12.2-default_hafda6a7_1000.conda
https://conda.anaconda.org/conda-forge/linux-64/mpc-1.4.0-he0a73b1_0.conda
https://conda.anaconda.org/conda-forge/linux-64/tbb-2022.3.0-hb700be7_2.conda
https://conda.anaconda.org/conda-forge/linux-64/mkl-2025.3.1-h0e700b2_10.conda
https://conda.anaconda.org/conda-forge/linux-64/libblas-3.11.0-6_h5875eb1_mkl.conda
https://conda.anaconda.org/conda-forge/linux-64/libcblas-3.11.0-6_hfef963f_mkl.conda
https://conda.anaconda.org/conda-forge/linux-64/liblapack-3.11.0-6_h5e43f62_mkl.conda
https://conda.anaconda.org/conda-forge/linux-64/libtorch-2.10.0-cpu_mkl_h7058990_103.conda
https://conda.anaconda.org/conda-forge/noarch/pip-26.0.1-pyh145f28c_0.conda
https://conda.anaconda.org/conda-forge/noarch/pybind11-global-3.0.1-pyhc7ab6ef_0.conda
https://conda.anaconda.org/conda-forge/noarch/six-1.17.0-pyhe01879c_1.conda
https://conda.anaconda.org/conda-forge/noarch/shellingham-1.5.4-pyhd8ed1ab_2.conda
https://conda.anaconda.org/conda-forge/noarch/click-8.3.1-pyh8f84b5b_1.conda
https://conda.anaconda.org/conda-forge/noarch/annotated-doc-0.0.4-pyhcf101f3_0.conda
https://conda.anaconda.org/conda-forge/noarch/pysocks-1.7.1-pyha55dd90_7.conda
https://conda.anaconda.org/conda-forge/noarch/backports.zstd-1.3.0-py314h680f03e_0.conda
https://conda.anaconda.org/conda-forge/noarch/pycparser-2.22-pyh29332c3_1.conda
https://conda.anaconda.org/conda-forge/noarch/cpython-3.14.3-py314hd8ed1ab_101.conda
https://conda.anaconda.org/conda-forge/noarch/pytz-2026.1.post1-pyhcf101f3_0.conda
https://conda.anaconda.org/conda-forge/noarch/python-tzdata-2026.1-pyhd8ed1ab_0.conda
https://conda.anaconda.org/conda-forge/noarch/setuptools-82.0.1-pyh332efcf_0.conda
https://conda.anaconda.org/conda-forge/noarch/networkx-3.6.1-pyhcf101f3_0.conda
https://conda.anaconda.org/conda-forge/noarch/mpmath-1.3.0-pyhd8ed1ab_1.conda
https://conda.anaconda.org/conda-forge/noarch/threadpoolctl-3.6.0-pyhecae5ae_0.conda
https://conda.anaconda.org/conda-forge/noarch/backports-1.0-pyhd8ed1ab_5.conda
https://conda.anaconda.org/conda-forge/noarch/sniffio-1.3.1-pyhd8ed1ab_2.conda
https://conda.anaconda.org/conda-forge/noarch/hyperframe-6.1.0-pyhd8ed1ab_0.conda
https://conda.anaconda.org/conda-forge/noarch/hpack-4.1.0-pyhd8ed1ab_0.conda
https://conda.anaconda.org/conda-forge/noarch/fsspec-2026.3.0-pyhd8ed1ab_0.conda
https://conda.anaconda.org/conda-forge/noarch/zipp-3.23.0-pyhcf101f3_1.conda
https://conda.anaconda.org/conda-forge/noarch/more-itertools-11.0.1-pyhcf101f3_0.conda
https://conda.anaconda.org/conda-forge/noarch/jeepney-0.9.0-pyhd8ed1ab_0.conda
https://conda.anaconda.org/conda-forge/noarch/mdurl-0.1.2-pyhd8ed1ab_1.conda
https://conda.anaconda.org/conda-forge/noarch/pluggy-1.6.0-pyhf9edf01_1.conda
https://conda.anaconda.org/conda-forge/noarch/iniconfig-2.3.0-pyhd8ed1ab_0.conda
https://conda.anaconda.org/conda-forge/noarch/tomli-2.4.1-pyhcf101f3_0.conda
https://conda.anaconda.org/conda-forge/noarch/docutils-0.22.4-pyhd8ed1ab_0.conda
https://conda.anaconda.org/conda-forge/noarch/charset-normalizer-3.4.7-pyhd8ed1ab_0.conda
https://conda.anaconda.org/conda-forge/noarch/certifi-2026.2.25-pyhd8ed1ab_0.conda
https://conda.anaconda.org/conda-forge/noarch/idna-3.11-pyhd8ed1ab_0.conda
https://conda.anaconda.org/conda-forge/noarch/typing_extensions-4.15.0-pyhcf101f3_0.conda
https://conda.anaconda.org/conda-forge/noarch/pygments-2.20.0-pyhd8ed1ab_0.conda
https://conda.anaconda.org/conda-forge/noarch/colorama-0.4.6-pyhd8ed1ab_1.conda
https://conda.anaconda.org/conda-forge/noarch/filelock-3.25.2-pyhd8ed1ab_0.conda
https://conda.anaconda.org/conda-forge/noarch/rfc3986-2.0.0-pyhd8ed1ab_1.conda
https://conda.anaconda.org/conda-forge/noarch/packaging-26.0-pyhcf101f3_0.conda
https://conda.anaconda.org/conda-forge/noarch/pybind11-3.0.1-pyh7a1b43c_0.conda
https://conda.anaconda.org/conda-forge/noarch/python-dateutil-2.9.0.post0-pyhe01879c_2.conda
https://conda.anaconda.org/conda-forge/noarch/python-gil-3.14.3-h4df99d1_101.conda
https://conda.anaconda.org/conda-forge/noarch/joblib-1.5.3-pyhd8ed1ab_0.conda
https://conda.anaconda.org/conda-forge/noarch/backports.tarfile-1.2.0-pyhcf101f3_2.conda
https://conda.anaconda.org/conda-forge/noarch/h2-4.3.0-pyhcf101f3_0.conda
https://conda.anaconda.org/conda-forge/noarch/importlib_resources-6.5.2-pyhd8ed1ab_0.conda
https://conda.anaconda.org/conda-forge/noarch/importlib-metadata-8.8.0-pyhcf101f3_0.conda
https://conda.anaconda.org/conda-forge/noarch/jaraco.functools-4.4.0-pyhcf101f3_1.conda
https://conda.anaconda.org/conda-forge/noarch/jaraco.classes-3.4.0-pyhcf101f3_3.conda
https://conda.anaconda.org/conda-forge/noarch/markdown-it-py-4.0.0-pyhd8ed1ab_0.conda
https://conda.anaconda.org/conda-forge/noarch/pyproject_hooks-1.2.0-pyhd8ed1ab_1.conda
https://conda.anaconda.org/conda-forge/noarch/h11-0.16.0-pyhcf101f3_1.conda
https://conda.anaconda.org/conda-forge/noarch/exceptiongroup-1.3.1-pyhd8ed1ab_0.conda
https://conda.anaconda.org/conda-forge/noarch/typing-extensions-4.15.0-h396c80c_0.conda
https://conda.anaconda.org/conda-forge/noarch/tqdm-4.67.1-pyhd8ed1ab_1.conda
https://conda.anaconda.org/conda-forge/noarch/_python_abi3_support-1.0-hd8ed1ab_2.conda
https://conda.anaconda.org/conda-forge/noarch/jaraco.context-6.1.1-pyhcf101f3_0.conda
https://conda.anaconda.org/conda-forge/noarch/rich-14.3.3-pyhcf101f3_0.conda
https://conda.anaconda.org/conda-forge/noarch/python-build-1.3.0-pyhff2d567_0.conda
https://conda.anaconda.org/conda-forge/noarch/anyio-4.13.0-pyhcf101f3_0.conda
https://conda.anaconda.org/conda-forge/noarch/pytest-9.0.2-pyhcf101f3_0.conda
https://conda.anaconda.org/conda-forge/noarch/typer-0.24.1-pyhcf101f3_0.conda
https://conda.anaconda.org/conda-forge/noarch/httpcore-1.0.9-pyh29332c3_0.conda
https://conda.anaconda.org/conda-forge/noarch/httpx-0.28.1-pyhd8ed1ab_0.conda
https://conda.anaconda.org/conda-forge/linux-64/markupsafe-3.0.3-py314h67df5f8_1.conda
https://conda.anaconda.org/conda-forge/linux-64/gmpy2-2.3.0-py314h28848ee_1.conda
https://conda.anaconda.org/conda-forge/linux-64/brotli-python-1.2.0-py314h3de4e8d_1.conda
https://conda.anaconda.org/conda-forge/linux-64/safetensors-0.7.0-py314ha5689aa_0.conda
https://conda.anaconda.org/conda-forge/linux-64/regex-2026.4.4-py314h5bd0f2a_0.conda
https://conda.anaconda.org/conda-forge/linux-64/pyyaml-6.0.3-py314h67df5f8_1.conda
https://conda.anaconda.org/conda-forge/linux-64/numpy-2.4.3-py314h2b28147_0.conda
https://conda.anaconda.org/conda-forge/linux-64/pillow-12.2.0-py314h8ec4b1a_0.conda
https://conda.anaconda.org/conda-forge/linux-64/cffi-2.0.0-py314h4a8dc5f_1.conda
https://conda.anaconda.org/conda-forge/linux-64/optree-0.19.0-py314h9891dd4_0.conda
https://conda.anaconda.org/conda-forge/linux-64/nh3-0.3.4-py310h6de7dc8_0.conda
https://conda.anaconda.org/conda-forge/linux-64/hf-xet-1.4.3-py310hb823017_0.conda
https://conda.anaconda.org/conda-forge/linux-64/scipy-1.17.1-py314hf07bd8e_0.conda
https://conda.anaconda.org/conda-forge/linux-64/pandas-2.3.3-py314ha0b5721_2.conda
https://conda.anaconda.org/conda-forge/linux-64/cryptography-46.0.5-py314h7fe84b3_0.conda
https://conda.anaconda.org/conda-forge/linux-64/cmarkgfm-2024.11.20-py314h5bd0f2a_1.conda
https://conda.anaconda.org/conda-forge/linux-64/scikit-learn-1.8.0-np2py314hf09ca88_1.conda
https://conda.anaconda.org/conda-forge/linux-64/secretstorage-3.4.1-py314hdafbbf9_0.conda
https://conda.anaconda.org/conda-forge/noarch/jinja2-3.1.6-pyhcf101f3_1.conda
https://conda.anaconda.org/conda-forge/noarch/sympy-1.14.0-pyh2585a3b_106.conda
https://conda.anaconda.org/conda-forge/noarch/urllib3-2.6.3-pyhd8ed1ab_0.conda
https://conda.anaconda.org/conda-forge/noarch/readme_renderer-44.0-pyhd8ed1ab_1.conda
https://conda.anaconda.org/conda-forge/noarch/keyring-25.7.0-pyha804496_0.conda
https://conda.anaconda.org/conda-forge/noarch/id-1.6.1-pyhcf101f3_0.conda
https://conda.anaconda.org/conda-forge/noarch/requests-2.33.1-pyhcf101f3_0.conda
https://conda.anaconda.org/conda-forge/noarch/huggingface_hub-1.9.0-pyhd8ed1ab_0.conda
https://conda.anaconda.org/conda-forge/noarch/requests-toolbelt-1.0.0-pyhd8ed1ab_1.conda
https://conda.anaconda.org/conda-forge/noarch/twine-6.2.0-pyhcf101f3_0.conda
https://conda.anaconda.org/conda-forge/linux-64/pytorch-2.10.0-cpu_mkl_py314_h6018c46_103.conda
https://conda.anaconda.org/conda-forge/linux-64/tokenizers-0.22.2-py314h98f1220_0.conda
https://conda.anaconda.org/conda-forge/noarch/transformers-5.5.0-pyhd8ed1ab_0.conda
